
Microsoft Visual Studio Solution File, Format Version 12.00
# Visual Studio Version 16
VisualStudioVersion = 16.0.32901.82
MinimumVisualStudioVersion = 10.0.40219.1
Project("{8BC9CEB8-8B4A-11D0-8D11-00A0C91BC942}") = "Arrays", "Arrays\Arrays.vcxproj", "{7F847A34-DDB7-4464-A584-8F5F2A3C4A6D}"
EndProject
Global
	GlobalSection(SolutionConfigurationPlatforms) = preSolution
		Debug|x64 = Debug|x64
		Debug|x86 = Debug|x86
		Release|x64 = Release|x64
		Release|x86 = Release|x86
	EndGlobalSection
	GlobalSection(ProjectConfigurationPlatforms) = postSolution
		{7F847A34-DDB7-4464-A584-8F5F2A3C4A6D}.Debug|x64.ActiveCfg = Debug|x64
		{7F847A34-DDB7-4464-A584-8F5F2A3C4A6D}.Debug|x64.Build.0 = Debug|x64
		{7F847A34-DDB7-4464-A584-8F5F2A3C4A6D}.Debug|x86.ActiveCfg = Debug|Win32
		{7F847A34-DDB7-4464-A584-8F5F2A3C4A6D}.Debug|x86.Build.0 = Debug|Win32
		{7F847A34-DDB7-4464-A584-8F5F2A3C4A6D}.Release|x64.ActiveCfg = Release|x64
		{7F847A34-DDB7-4464-A584-8F5F2A3C4A6D}.Release|x64.Build.0 = Release|x64
		{7F847A34-DDB7-4464-A584-8F5F2A3C4A6D}.Release|x86.ActiveCfg = Release|Win32
		{7F847A34-DDB7-4464-A584-8F5F2A3C4A6D}.Release|x86.Build.0 = Release|Win32
	EndGlobalSection
	GlobalSection(SolutionProperties) = preSolution
		HideSolutionNode = FALSE
	EndGlobalSection
	GlobalSection(ExtensibilityGlobals) = postSolution
		SolutionGuid = {17A0D1A8-1A59-4A43-B3C1-A2FA665762C0}
	EndGlobalSection
EndGlobal
